
Microsoft Visual Studio Solution File, Format Version 12.00
# Visual Studio Version 17
VisualStudioVersion = 17.6.33829.357
MinimumVisualStudioVersion = 10.0.40219.1
Project("{FAE04EC0-301F-11D3-BF4B-00C04F79EFBC}") = "BazorFullStackCrud.Server", "BazorFullStackCrud\Server\BazorFullStackCrud.Server.csproj", "{3A22EC7F-52A7-4C14-9623-C7EBDF5C8E93}"
EndProject
Project("{FAE04EC0-301F-11D3-BF4B-00C04F79EFBC}") = "BazorFullStackCrud.Client", "BazorFullStackCrud\Client\BazorFullStackCrud.Client.csproj", "{BB9BD73A-1E2A-4AC1-88F3-86978A2CA007}"
EndProject
Project("{FAE04EC0-301F-11D3-BF4B-00C04F79EFBC}") = "BazorFullStackCrud.Shared", "BazorFullStackCrud\Shared\BazorFullStackCrud.Shared.csproj", "{EE71DF16-6CAD-4FD2-B59E-31B5ED902C5F}"
EndProject
Global
	GlobalSection(SolutionConfigurationPlatforms) = preSolution
		Debug|Any CPU = Debug|Any CPU
		Release|Any CPU = Release|Any CPU
	EndGlobalSection
	GlobalSection(ProjectConfigurationPlatforms) = postSolution
		{3A22EC7F-52A7-4C14-9623-C7EBDF5C8E93}.Debug|Any CPU.ActiveCfg = Debug|Any CPU
		{3A22EC7F-52A7-4C14-9623-C7EBDF5C8E93}.Debug|Any CPU.Build.0 = Debug|Any CPU
		{3A22EC7F-52A7-4C14-9623-C7EBDF5C8E93}.Release|Any CPU.ActiveCfg = Release|Any CPU
		{3A22EC7F-52A7-4C14-9623-C7EBDF5C8E93}.Release|Any CPU.Build.0 = Release|Any CPU
		{BB9BD73A-1E2A-4AC1-88F3-86978A2CA007}.Debug|Any CPU.ActiveCfg = Debug|Any CPU
		{BB9BD73A-1E2A-4AC1-88F3-86978A2CA007}.Debug|Any CPU.Build.0 = Debug|Any CPU
		{BB9BD73A-1E2A-4AC1-88F3-86978A2CA007}.Release|Any CPU.ActiveCfg = Release|Any CPU
		{BB9BD73A-1E2A-4AC1-88F3-86978A2CA007}.Release|Any CPU.Build.0 = Release|Any CPU
		{EE71DF16-6CAD-4FD2-B59E-31B5ED902C5F}.Debug|Any CPU.ActiveCfg = Debug|Any CPU
		{EE71DF16-6CAD-4FD2-B59E-31B5ED902C5F}.Debug|Any CPU.Build.0 = Debug|Any CPU
		{EE71DF16-6CAD-4FD2-B59E-31B5ED902C5F}.Release|Any CPU.ActiveCfg = Release|Any CPU
		{EE71DF16-6CAD-4FD2-B59E-31B5ED902C5F}.Release|Any CPU.Build.0 = Release|Any CPU
	EndGlobalSection
	GlobalSection(SolutionProperties) = preSolution
		HideSolutionNode = FALSE
	EndGlobalSection
	GlobalSection(ExtensibilityGlobals) = postSolution
		SolutionGuid = {8F87E135-D966-4DF7-9C43-3075D0DEE3E0}
	EndGlobalSection
EndGlobal
